
Microsoft Visual Studio Solution File, Format Version 12.00
# Visual Studio Version 17
VisualStudioVersion = 17.10.35013.160
MinimumVisualStudioVersion = 10.0.40219.1
Project("{9A19103F-16F7-4668-BE54-9A1E7A4F7556}") = "GameStore.Frontend", "GameStore.Frontend\GameStore.Frontend.csproj", "{EB526246-5225-4B2C-AE61-358D6377AF85}"
EndProject
Project("{9A19103F-16F7-4668-BE54-9A1E7A4F7556}") = "GameStore.Api", "GameStore.Api\GameStore.Api.csproj", "{1B1A2701-6552-4610-8A33-BE5583A00307}"
EndProject
Project("{2150E333-8FDC-42A3-9474-1A3956D46DE8}") = "GameStoreApp", "GameStoreApp", "{C869FAC9-D95E-4293-8953-02D779F37B53}"
EndProject
Project("{2150E333-8FDC-42A3-9474-1A3956D46DE8}") = "BlazorDeepDive", "BlazorDeepDive", "{BE02F8FE-7929-4837-99A6-1BCA86A4BA76}"
EndProject
Project("{9A19103F-16F7-4668-BE54-9A1E7A4F7556}") = "ServerManagement.Frontend", "ServerManagement.Frontend\ServerManagement.Frontend.csproj", "{2CCCF0D2-F2B1-422C-ADDF-E785A3503C49}"
EndProject
Project("{2150E333-8FDC-42A3-9474-1A3956D46DE8}") = "RenderMode", "RenderMode", "{7712C5C3-EF2F-447C-8AA5-0F59A3F40C4F}"
EndProject
Project("{9A19103F-16F7-4668-BE54-9A1E7A4F7556}") = "BlazorRender.Server", "BlazorRender.Server\BlazorRender.Server.csproj", "{27212911-D543-4E5C-B5D7-274EAEB9F9A1}"
EndProject
Project("{9A19103F-16F7-4668-BE54-9A1E7A4F7556}") = "BlazorRender.WebAssembly", "BlazorRender.WebAssembly\BlazorRender.WebAssembly.csproj", "{E2227FD0-24D2-42EF-801E-F70D2D3CFCE4}"
EndProject
Project("{2150E333-8FDC-42A3-9474-1A3956D46DE8}") = "BlazorIdentity", "BlazorIdentity", "{EFDDD555-4FBF-4B0D-94BE-0A930695AD7B}"
EndProject
Project("{FAE04EC0-301F-11D3-BF4B-00C04F79EFBC}") = "BlazorIdentityApp", "BlazorIdentityApp\BlazorIdentityApp\BlazorIdentityApp.csproj", "{C8E2A504-F4DD-4A5A-81BA-61A00EBAF583}"
EndProject
Project("{FAE04EC0-301F-11D3-BF4B-00C04F79EFBC}") = "BlazorIdentityApp.Client", "BlazorIdentityApp\BlazorIdentityApp.Client\BlazorIdentityApp.Client.csproj", "{C099906C-AE05-4085-A5A9-94803D72F9E5}"
EndProject
Global
	GlobalSection(SolutionConfigurationPlatforms) = preSolution
		Debug|Any CPU = Debug|Any CPU
		Release|Any CPU = Release|Any CPU
	EndGlobalSection
	GlobalSection(ProjectConfigurationPlatforms) = postSolution
		{EB526246-5225-4B2C-AE61-358D6377AF85}.Debug|Any CPU.ActiveCfg = Debug|Any CPU
		{EB526246-5225-4B2C-AE61-358D6377AF85}.Debug|Any CPU.Build.0 = Debug|Any CPU
		{EB526246-5225-4B2C-AE61-358D6377AF85}.Release|Any CPU.ActiveCfg = Release|Any CPU
		{EB526246-5225-4B2C-AE61-358D6377AF85}.Release|Any CPU.Build.0 = Release|Any CPU
		{1B1A2701-6552-4610-8A33-BE5583A00307}.Debug|Any CPU.ActiveCfg = Debug|Any CPU
		{1B1A2701-6552-4610-8A33-BE5583A00307}.Debug|Any CPU.Build.0 = Debug|Any CPU
		{1B1A2701-6552-4610-8A33-BE5583A00307}.Release|Any CPU.ActiveCfg = Release|Any CPU
		{1B1A2701-6552-4610-8A33-BE5583A00307}.Release|Any CPU.Build.0 = Release|Any CPU
		{2CCCF0D2-F2B1-422C-ADDF-E785A3503C49}.Debug|Any CPU.ActiveCfg = Debug|Any CPU
		{2CCCF0D2-F2B1-422C-ADDF-E785A3503C49}.Debug|Any CPU.Build.0 = Debug|Any CPU
		{2CCCF0D2-F2B1-422C-ADDF-E785A3503C49}.Release|Any CPU.ActiveCfg = Release|Any CPU
		{2CCCF0D2-F2B1-422C-ADDF-E785A3503C49}.Release|Any CPU.Build.0 = Release|Any CPU
		{27212911-D543-4E5C-B5D7-274EAEB9F9A1}.Debug|Any CPU.ActiveCfg = Debug|Any CPU
		{27212911-D543-4E5C-B5D7-274EAEB9F9A1}.Debug|Any CPU.Build.0 = Debug|Any CPU
		{27212911-D543-4E5C-B5D7-274EAEB9F9A1}.Release|Any CPU.ActiveCfg = Release|Any CPU
		{27212911-D543-4E5C-B5D7-274EAEB9F9A1}.Release|Any CPU.Build.0 = Release|Any CPU
		{E2227FD0-24D2-42EF-801E-F70D2D3CFCE4}.Debug|Any CPU.ActiveCfg = Debug|Any CPU
		{E2227FD0-24D2-42EF-801E-F70D2D3CFCE4}.Debug|Any CPU.Build.0 = Debug|Any CPU
		{E2227FD0-24D2-42EF-801E-F70D2D3CFCE4}.Release|Any CPU.ActiveCfg = Release|Any CPU
		{E2227FD0-24D2-42EF-801E-F70D2D3CFCE4}.Release|Any CPU.Build.0 = Release|Any CPU
		{C8E2A504-F4DD-4A5A-81BA-61A00EBAF583}.Debug|Any CPU.ActiveCfg = Debug|Any CPU
		{C8E2A504-F4DD-4A5A-81BA-61A00EBAF583}.Debug|Any CPU.Build.0 = Debug|Any CPU
		{C8E2A504-F4DD-4A5A-81BA-61A00EBAF583}.Release|Any CPU.ActiveCfg = Release|Any CPU
		{C8E2A504-F4DD-4A5A-81BA-61A00EBAF583}.Release|Any CPU.Build.0 = Release|Any CPU
		{C099906C-AE05-4085-A5A9-94803D72F9E5}.Debug|Any CPU.ActiveCfg = Debug|Any CPU
		{C099906C-AE05-4085-A5A9-94803D72F9E5}.Debug|Any CPU.Build.0 = Debug|Any CPU
		{C099906C-AE05-4085-A5A9-94803D72F9E5}.Release|Any CPU.ActiveCfg = Release|Any CPU
		{C099906C-AE05-4085-A5A9-94803D72F9E5}.Release|Any CPU.Build.0 = Release|Any CPU
	EndGlobalSection
	GlobalSection(SolutionProperties) = preSolution
		HideSolutionNode = FALSE
	EndGlobalSection
	GlobalSection(NestedProjects) = preSolution
		{EB526246-5225-4B2C-AE61-358D6377AF85} = {C869FAC9-D95E-4293-8953-02D779F37B53}
		{1B1A2701-6552-4610-8A33-BE5583A00307} = {C869FAC9-D95E-4293-8953-02D779F37B53}
		{2CCCF0D2-F2B1-422C-ADDF-E785A3503C49} = {BE02F8FE-7929-4837-99A6-1BCA86A4BA76}
		{27212911-D543-4E5C-B5D7-274EAEB9F9A1} = {7712C5C3-EF2F-447C-8AA5-0F59A3F40C4F}
		{E2227FD0-24D2-42EF-801E-F70D2D3CFCE4} = {7712C5C3-EF2F-447C-8AA5-0F59A3F40C4F}
		{C8E2A504-F4DD-4A5A-81BA-61A00EBAF583} = {EFDDD555-4FBF-4B0D-94BE-0A930695AD7B}
		{C099906C-AE05-4085-A5A9-94803D72F9E5} = {EFDDD555-4FBF-4B0D-94BE-0A930695AD7B}
	EndGlobalSection
	GlobalSection(ExtensibilityGlobals) = postSolution
		SolutionGuid = {75F753A9-5C9F-4C3C-AF6B-F9890869BEA2}
	EndGlobalSection
EndGlobal
