
Microsoft Visual Studio Solution File, Format Version 12.00
# Visual Studio Version 17
VisualStudioVersion = 17.10.35013.160
MinimumVisualStudioVersion = 10.0.40219.1
Project("{9A19103F-16F7-4668-BE54-9A1E7A4F7556}") = "GameStore.Frontend", "GameStore.Frontend\GameStore.Frontend.csproj", "{EB526246-5225-4B2C-AE61-358D6377AF85}"
EndProject
Project("{9A19103F-16F7-4668-BE54-9A1E7A4F7556}") = "GameStore.Api", "GameStore.Api\GameStore.Api.csproj", "{1B1A2701-6552-4610-8A33-BE5583A00307}"
EndProject
Project("{2150E333-8FDC-42A3-9474-1A3956D46DE8}") = "GameStoreApp", "GameStoreApp", "{C869FAC9-D95E-4293-8953-02D779F37B53}"
EndProject
Project("{2150E333-8FDC-42A3-9474-1A3956D46DE8}") = "BlazorDeepDive", "BlazorDeepDive", "{BE02F8FE-7929-4837-99A6-1BCA86A4BA76}"
EndProject
Project("{FAE04EC0-301F-11D3-BF4B-00C04F79EFBC}") = "ServerManagement.Frontend", "ServerManagement.Frontend\ServerManagement.Frontend.csproj", "{2CCCF0D2-F2B1-422C-ADDF-E785A3503C49}"
EndProject
Global
	GlobalSection(SolutionConfigurationPlatforms) = preSolution
		Debug|Any CPU = Debug|Any CPU
		Release|Any CPU = Release|Any CPU
	EndGlobalSection
	GlobalSection(ProjectConfigurationPlatforms) = postSolution
		{EB526246-5225-4B2C-AE61-358D6377AF85}.Debug|Any CPU.ActiveCfg = Debug|Any CPU
		{EB526246-5225-4B2C-AE61-358D6377AF85}.Debug|Any CPU.Build.0 = Debug|Any CPU
		{EB526246-5225-4B2C-AE61-358D6377AF85}.Release|Any CPU.ActiveCfg = Release|Any CPU
		{EB526246-5225-4B2C-AE61-358D6377AF85}.Release|Any CPU.Build.0 = Release|Any CPU
		{1B1A2701-6552-4610-8A33-BE5583A00307}.Debug|Any CPU.ActiveCfg = Debug|Any CPU
		{1B1A2701-6552-4610-8A33-BE5583A00307}.Debug|Any CPU.Build.0 = Debug|Any CPU
		{1B1A2701-6552-4610-8A33-BE5583A00307}.Release|Any CPU.ActiveCfg = Release|Any CPU
		{1B1A2701-6552-4610-8A33-BE5583A00307}.Release|Any CPU.Build.0 = Release|Any CPU
		{2CCCF0D2-F2B1-422C-ADDF-E785A3503C49}.Debug|Any CPU.ActiveCfg = Debug|Any CPU
		{2CCCF0D2-F2B1-422C-ADDF-E785A3503C49}.Debug|Any CPU.Build.0 = Debug|Any CPU
		{2CCCF0D2-F2B1-422C-ADDF-E785A3503C49}.Release|Any CPU.ActiveCfg = Release|Any CPU
		{2CCCF0D2-F2B1-422C-ADDF-E785A3503C49}.Release|Any CPU.Build.0 = Release|Any CPU
	EndGlobalSection
	GlobalSection(SolutionProperties) = preSolution
		HideSolutionNode = FALSE
	EndGlobalSection
	GlobalSection(NestedProjects) = preSolution
		{EB526246-5225-4B2C-AE61-358D6377AF85} = {C869FAC9-D95E-4293-8953-02D779F37B53}
		{1B1A2701-6552-4610-8A33-BE5583A00307} = {C869FAC9-D95E-4293-8953-02D779F37B53}
		{2CCCF0D2-F2B1-422C-ADDF-E785A3503C49} = {BE02F8FE-7929-4837-99A6-1BCA86A4BA76}
	EndGlobalSection
	GlobalSection(ExtensibilityGlobals) = postSolution
		SolutionGuid = {75F753A9-5C9F-4C3C-AF6B-F9890869BEA2}
	EndGlobalSection
EndGlobal
