
Microsoft Visual Studio Solution File, Format Version 12.00
# Visual Studio Version 17
VisualStudioVersion = 17.10.35013.160
MinimumVisualStudioVersion = 10.0.40219.1
Project("{9A19103F-16F7-4668-BE54-9A1E7A4F7556}") = "GameStore.Frontend", "GameStore.Frontend\GameStore.Frontend.csproj", "{EB526246-5225-4B2C-AE61-358D6377AF85}"
EndProject
Project("{9A19103F-16F7-4668-BE54-9A1E7A4F7556}") = "GameStore.Api", "GameStore.Api\GameStore.Api.csproj", "{1B1A2701-6552-4610-8A33-BE5583A00307}"
EndProject
Project("{2150E333-8FDC-42A3-9474-1A3956D46DE8}") = "GameStoreApp", "GameStoreApp", "{C869FAC9-D95E-4293-8953-02D779F37B53}"
EndProject
Project("{2150E333-8FDC-42A3-9474-1A3956D46DE8}") = "BlazorDeepDive", "BlazorDeepDive", "{BE02F8FE-7929-4837-99A6-1BCA86A4BA76}"
EndProject
Project("{9A19103F-16F7-4668-BE54-9A1E7A4F7556}") = "ServerManagement.Frontend", "ServerManagement.Frontend\ServerManagement.Frontend.csproj", "{2CCCF0D2-F2B1-422C-ADDF-E785A3503C49}"
EndProject
Project("{2150E333-8FDC-42A3-9474-1A3956D46DE8}") = "RenderMode", "RenderMode", "{7712C5C3-EF2F-447C-8AA5-0F59A3F40C4F}"
EndProject
Project("{9A19103F-16F7-4668-BE54-9A1E7A4F7556}") = "BlazorRender.Server", "BlazorRender.Server\BlazorRender.Server.csproj", "{27212911-D543-4E5C-B5D7-274EAEB9F9A1}"
EndProject
Project("{9A19103F-16F7-4668-BE54-9A1E7A4F7556}") = "BlazorRender.WebAssembly", "BlazorRender.WebAssembly\BlazorRender.WebAssembly.csproj", "{E2227FD0-24D2-42EF-801E-F70D2D3CFCE4}"
EndProject
Project("{2150E333-8FDC-42A3-9474-1A3956D46DE8}") = "BlazorIdentity", "BlazorIdentity", "{EFDDD555-4FBF-4B0D-94BE-0A930695AD7B}"
EndProject
Project("{9A19103F-16F7-4668-BE54-9A1E7A4F7556}") = "BlazorIdentityApp", "BlazorIdentityApp\BlazorIdentityApp.csproj", "{2CEF0815-A239-4A1C-BC0A-A67CE51932E9}"
EndProject
Project("{9A19103F-16F7-4668-BE54-9A1E7A4F7556}") = "BlazorIdentityApp.Client", "BlazorIdentityApp.Client\BlazorIdentityApp.Client.csproj", "{1A556919-15CA-41D5-91F3-D00D3661EC33}"
EndProject
Project("{9A19103F-16F7-4668-BE54-9A1E7A4F7556}") = "BlazorIdentityApp.Shared", "BlazorIdentityApp.Shared\BlazorIdentityApp.Shared.csproj", "{ECE34E6C-8367-4C81-B5F8-7CD9390DA530}"
EndProject
Project("{2150E333-8FDC-42A3-9474-1A3956D46DE8}") = "LinkShortenerApp", "LinkShortenerApp", "{673FBFC8-9865-43E5-853B-089B0420A945}"
EndProject
Project("{FAE04EC0-301F-11D3-BF4B-00C04F79EFBC}") = "LinkShortener", "LinkShortener\LinkShortener\LinkShortener.csproj", "{04A49CB1-6D95-44E0-B11F-A13BA5574F17}"
EndProject
Project("{FAE04EC0-301F-11D3-BF4B-00C04F79EFBC}") = "LinkShortener.Client", "LinkShortener\LinkShortener.Client\LinkShortener.Client.csproj", "{4D33E9F2-52A3-420D-B8FD-9D13118B7DC8}"
EndProject
Project("{FAE04EC0-301F-11D3-BF4B-00C04F79EFBC}") = "LinkShortener.Public", "LinkShortener.Public\LinkShortener.Public.csproj", "{1AC44105-0211-4970-9AC3-ECEE4DF01C00}"
EndProject
Project("{FAE04EC0-301F-11D3-BF4B-00C04F79EFBC}") = "LinkShortener.Data", "LinkShortener.Data\LinkShortener.Data.csproj", "{DF1FBA34-B53F-40E1-B873-142ACFA56C95}"
EndProject
Project("{2150E333-8FDC-42A3-9474-1A3956D46DE8}") = "RealTimeNotificationsApp", "RealTimeNotificationsApp", "{BA765941-F393-49BC-850F-73FF0575D8D7}"
EndProject
Project("{FAE04EC0-301F-11D3-BF4B-00C04F79EFBC}") = "RealTimeNotifications", "RealTimeNotifications\RealTimeNotifications\RealTimeNotifications.csproj", "{9ECE1A60-72B2-4DE4-B916-8FC771BC634D}"
EndProject
Project("{FAE04EC0-301F-11D3-BF4B-00C04F79EFBC}") = "RealTimeNotifications.Client", "RealTimeNotifications\RealTimeNotifications.Client\RealTimeNotifications.Client.csproj", "{7912CC4F-14D6-44E8-B8FD-632200A17A6B}"
EndProject
Project("{FAE04EC0-301F-11D3-BF4B-00C04F79EFBC}") = "RealTimeNotifications.Shared", "RealTimeNotifications.Shared\RealTimeNotifications.Shared.csproj", "{BE5C612B-1C8E-461F-BC81-2E06936F312F}"
EndProject
Project("{2150E333-8FDC-42A3-9474-1A3956D46DE8}") = "WebsocketBaseApp", "WebsocketBaseApp", "{5B62D881-87D7-4FB4-961F-EC1092A4E908}"
EndProject
Project("{FAE04EC0-301F-11D3-BF4B-00C04F79EFBC}") = "WebsocketBase", "WebsocketBase\WebsocketBase\WebsocketBase.csproj", "{E6043E8E-3494-4876-831D-FEC7C927D1C0}"
EndProject
Project("{FAE04EC0-301F-11D3-BF4B-00C04F79EFBC}") = "WebsocketBase.Client", "WebsocketBase\WebsocketBase.Client\WebsocketBase.Client.csproj", "{4224C3C0-AFB0-4770-ABCE-18CDC49D2866}"
EndProject
Project("{FAE04EC0-301F-11D3-BF4B-00C04F79EFBC}") = "WebsocketBase.Shared", "WebsocketBase.Shared\WebsocketBase.Shared.csproj", "{A1972465-A486-4022-BAAD-D2D5D9B0FB42}"
EndProject
Project("{2150E333-8FDC-42A3-9474-1A3956D46DE8}") = "InteractiveApp", "InteractiveApp", "{9E8A6DEE-136F-4645-9E39-4C8F905E323D}"
EndProject
Project("{FAE04EC0-301F-11D3-BF4B-00C04F79EFBC}") = "InteractiveApp", "InteractiveApp\InteractiveApp\InteractiveApp.csproj", "{541F33D4-DA2A-4820-8F31-0F43EA709BCB}"
EndProject
Project("{FAE04EC0-301F-11D3-BF4B-00C04F79EFBC}") = "InteractiveApp.Client", "InteractiveApp\InteractiveApp.Client\InteractiveApp.Client.csproj", "{98E22005-E526-4A39-8EED-24FB2FC989CA}"
EndProject
Project("{2150E333-8FDC-42A3-9474-1A3956D46DE8}") = "BasicMultitenantApp", "BasicMultitenantApp", "{10799E75-4B19-40B9-B30A-B415E4B548AC}"
EndProject
Project("{FAE04EC0-301F-11D3-BF4B-00C04F79EFBC}") = "MultitenantApp", "MultitenantApp\MultitenantApp.csproj", "{8CADDC0A-51CD-4E7D-8FBA-8AC66BCFF1D2}"
EndProject
Global
	GlobalSection(SolutionConfigurationPlatforms) = preSolution
		Debug|Any CPU = Debug|Any CPU
		Release|Any CPU = Release|Any CPU
	EndGlobalSection
	GlobalSection(ProjectConfigurationPlatforms) = postSolution
		{EB526246-5225-4B2C-AE61-358D6377AF85}.Debug|Any CPU.ActiveCfg = Debug|Any CPU
		{EB526246-5225-4B2C-AE61-358D6377AF85}.Debug|Any CPU.Build.0 = Debug|Any CPU
		{EB526246-5225-4B2C-AE61-358D6377AF85}.Release|Any CPU.ActiveCfg = Release|Any CPU
		{EB526246-5225-4B2C-AE61-358D6377AF85}.Release|Any CPU.Build.0 = Release|Any CPU
		{1B1A2701-6552-4610-8A33-BE5583A00307}.Debug|Any CPU.ActiveCfg = Debug|Any CPU
		{1B1A2701-6552-4610-8A33-BE5583A00307}.Debug|Any CPU.Build.0 = Debug|Any CPU
		{1B1A2701-6552-4610-8A33-BE5583A00307}.Release|Any CPU.ActiveCfg = Release|Any CPU
		{1B1A2701-6552-4610-8A33-BE5583A00307}.Release|Any CPU.Build.0 = Release|Any CPU
		{2CCCF0D2-F2B1-422C-ADDF-E785A3503C49}.Debug|Any CPU.ActiveCfg = Debug|Any CPU
		{2CCCF0D2-F2B1-422C-ADDF-E785A3503C49}.Debug|Any CPU.Build.0 = Debug|Any CPU
		{2CCCF0D2-F2B1-422C-ADDF-E785A3503C49}.Release|Any CPU.ActiveCfg = Release|Any CPU
		{2CCCF0D2-F2B1-422C-ADDF-E785A3503C49}.Release|Any CPU.Build.0 = Release|Any CPU
		{27212911-D543-4E5C-B5D7-274EAEB9F9A1}.Debug|Any CPU.ActiveCfg = Debug|Any CPU
		{27212911-D543-4E5C-B5D7-274EAEB9F9A1}.Debug|Any CPU.Build.0 = Debug|Any CPU
		{27212911-D543-4E5C-B5D7-274EAEB9F9A1}.Release|Any CPU.ActiveCfg = Release|Any CPU
		{27212911-D543-4E5C-B5D7-274EAEB9F9A1}.Release|Any CPU.Build.0 = Release|Any CPU
		{E2227FD0-24D2-42EF-801E-F70D2D3CFCE4}.Debug|Any CPU.ActiveCfg = Debug|Any CPU
		{E2227FD0-24D2-42EF-801E-F70D2D3CFCE4}.Debug|Any CPU.Build.0 = Debug|Any CPU
		{E2227FD0-24D2-42EF-801E-F70D2D3CFCE4}.Release|Any CPU.ActiveCfg = Release|Any CPU
		{E2227FD0-24D2-42EF-801E-F70D2D3CFCE4}.Release|Any CPU.Build.0 = Release|Any CPU
		{2CEF0815-A239-4A1C-BC0A-A67CE51932E9}.Debug|Any CPU.ActiveCfg = Debug|Any CPU
		{2CEF0815-A239-4A1C-BC0A-A67CE51932E9}.Debug|Any CPU.Build.0 = Debug|Any CPU
		{2CEF0815-A239-4A1C-BC0A-A67CE51932E9}.Release|Any CPU.ActiveCfg = Release|Any CPU
		{2CEF0815-A239-4A1C-BC0A-A67CE51932E9}.Release|Any CPU.Build.0 = Release|Any CPU
		{1A556919-15CA-41D5-91F3-D00D3661EC33}.Debug|Any CPU.ActiveCfg = Debug|Any CPU
		{1A556919-15CA-41D5-91F3-D00D3661EC33}.Debug|Any CPU.Build.0 = Debug|Any CPU
		{1A556919-15CA-41D5-91F3-D00D3661EC33}.Release|Any CPU.ActiveCfg = Release|Any CPU
		{1A556919-15CA-41D5-91F3-D00D3661EC33}.Release|Any CPU.Build.0 = Release|Any CPU
		{ECE34E6C-8367-4C81-B5F8-7CD9390DA530}.Debug|Any CPU.ActiveCfg = Debug|Any CPU
		{ECE34E6C-8367-4C81-B5F8-7CD9390DA530}.Debug|Any CPU.Build.0 = Debug|Any CPU
		{ECE34E6C-8367-4C81-B5F8-7CD9390DA530}.Release|Any CPU.ActiveCfg = Release|Any CPU
		{ECE34E6C-8367-4C81-B5F8-7CD9390DA530}.Release|Any CPU.Build.0 = Release|Any CPU
		{04A49CB1-6D95-44E0-B11F-A13BA5574F17}.Debug|Any CPU.ActiveCfg = Debug|Any CPU
		{04A49CB1-6D95-44E0-B11F-A13BA5574F17}.Debug|Any CPU.Build.0 = Debug|Any CPU
		{04A49CB1-6D95-44E0-B11F-A13BA5574F17}.Release|Any CPU.ActiveCfg = Release|Any CPU
		{04A49CB1-6D95-44E0-B11F-A13BA5574F17}.Release|Any CPU.Build.0 = Release|Any CPU
		{4D33E9F2-52A3-420D-B8FD-9D13118B7DC8}.Debug|Any CPU.ActiveCfg = Debug|Any CPU
		{4D33E9F2-52A3-420D-B8FD-9D13118B7DC8}.Debug|Any CPU.Build.0 = Debug|Any CPU
		{4D33E9F2-52A3-420D-B8FD-9D13118B7DC8}.Release|Any CPU.ActiveCfg = Release|Any CPU
		{4D33E9F2-52A3-420D-B8FD-9D13118B7DC8}.Release|Any CPU.Build.0 = Release|Any CPU
		{1AC44105-0211-4970-9AC3-ECEE4DF01C00}.Debug|Any CPU.ActiveCfg = Debug|Any CPU
		{1AC44105-0211-4970-9AC3-ECEE4DF01C00}.Debug|Any CPU.Build.0 = Debug|Any CPU
		{1AC44105-0211-4970-9AC3-ECEE4DF01C00}.Release|Any CPU.ActiveCfg = Release|Any CPU
		{1AC44105-0211-4970-9AC3-ECEE4DF01C00}.Release|Any CPU.Build.0 = Release|Any CPU
		{DF1FBA34-B53F-40E1-B873-142ACFA56C95}.Debug|Any CPU.ActiveCfg = Debug|Any CPU
		{DF1FBA34-B53F-40E1-B873-142ACFA56C95}.Debug|Any CPU.Build.0 = Debug|Any CPU
		{DF1FBA34-B53F-40E1-B873-142ACFA56C95}.Release|Any CPU.ActiveCfg = Release|Any CPU
		{DF1FBA34-B53F-40E1-B873-142ACFA56C95}.Release|Any CPU.Build.0 = Release|Any CPU
		{9ECE1A60-72B2-4DE4-B916-8FC771BC634D}.Debug|Any CPU.ActiveCfg = Debug|Any CPU
		{9ECE1A60-72B2-4DE4-B916-8FC771BC634D}.Debug|Any CPU.Build.0 = Debug|Any CPU
		{9ECE1A60-72B2-4DE4-B916-8FC771BC634D}.Release|Any CPU.ActiveCfg = Release|Any CPU
		{9ECE1A60-72B2-4DE4-B916-8FC771BC634D}.Release|Any CPU.Build.0 = Release|Any CPU
		{7912CC4F-14D6-44E8-B8FD-632200A17A6B}.Debug|Any CPU.ActiveCfg = Debug|Any CPU
		{7912CC4F-14D6-44E8-B8FD-632200A17A6B}.Debug|Any CPU.Build.0 = Debug|Any CPU
		{7912CC4F-14D6-44E8-B8FD-632200A17A6B}.Release|Any CPU.ActiveCfg = Release|Any CPU
		{7912CC4F-14D6-44E8-B8FD-632200A17A6B}.Release|Any CPU.Build.0 = Release|Any CPU
		{BE5C612B-1C8E-461F-BC81-2E06936F312F}.Debug|Any CPU.ActiveCfg = Debug|Any CPU
		{BE5C612B-1C8E-461F-BC81-2E06936F312F}.Debug|Any CPU.Build.0 = Debug|Any CPU
		{BE5C612B-1C8E-461F-BC81-2E06936F312F}.Release|Any CPU.ActiveCfg = Release|Any CPU
		{BE5C612B-1C8E-461F-BC81-2E06936F312F}.Release|Any CPU.Build.0 = Release|Any CPU
		{E6043E8E-3494-4876-831D-FEC7C927D1C0}.Debug|Any CPU.ActiveCfg = Debug|Any CPU
		{E6043E8E-3494-4876-831D-FEC7C927D1C0}.Debug|Any CPU.Build.0 = Debug|Any CPU
		{E6043E8E-3494-4876-831D-FEC7C927D1C0}.Release|Any CPU.ActiveCfg = Release|Any CPU
		{E6043E8E-3494-4876-831D-FEC7C927D1C0}.Release|Any CPU.Build.0 = Release|Any CPU
		{4224C3C0-AFB0-4770-ABCE-18CDC49D2866}.Debug|Any CPU.ActiveCfg = Debug|Any CPU
		{4224C3C0-AFB0-4770-ABCE-18CDC49D2866}.Debug|Any CPU.Build.0 = Debug|Any CPU
		{4224C3C0-AFB0-4770-ABCE-18CDC49D2866}.Release|Any CPU.ActiveCfg = Release|Any CPU
		{4224C3C0-AFB0-4770-ABCE-18CDC49D2866}.Release|Any CPU.Build.0 = Release|Any CPU
		{A1972465-A486-4022-BAAD-D2D5D9B0FB42}.Debug|Any CPU.ActiveCfg = Debug|Any CPU
		{A1972465-A486-4022-BAAD-D2D5D9B0FB42}.Debug|Any CPU.Build.0 = Debug|Any CPU
		{A1972465-A486-4022-BAAD-D2D5D9B0FB42}.Release|Any CPU.ActiveCfg = Release|Any CPU
		{A1972465-A486-4022-BAAD-D2D5D9B0FB42}.Release|Any CPU.Build.0 = Release|Any CPU
		{541F33D4-DA2A-4820-8F31-0F43EA709BCB}.Debug|Any CPU.ActiveCfg = Debug|Any CPU
		{541F33D4-DA2A-4820-8F31-0F43EA709BCB}.Debug|Any CPU.Build.0 = Debug|Any CPU
		{541F33D4-DA2A-4820-8F31-0F43EA709BCB}.Release|Any CPU.ActiveCfg = Release|Any CPU
		{541F33D4-DA2A-4820-8F31-0F43EA709BCB}.Release|Any CPU.Build.0 = Release|Any CPU
		{98E22005-E526-4A39-8EED-24FB2FC989CA}.Debug|Any CPU.ActiveCfg = Debug|Any CPU
		{98E22005-E526-4A39-8EED-24FB2FC989CA}.Debug|Any CPU.Build.0 = Debug|Any CPU
		{98E22005-E526-4A39-8EED-24FB2FC989CA}.Release|Any CPU.ActiveCfg = Release|Any CPU
		{98E22005-E526-4A39-8EED-24FB2FC989CA}.Release|Any CPU.Build.0 = Release|Any CPU
		{8CADDC0A-51CD-4E7D-8FBA-8AC66BCFF1D2}.Debug|Any CPU.ActiveCfg = Debug|Any CPU
		{8CADDC0A-51CD-4E7D-8FBA-8AC66BCFF1D2}.Debug|Any CPU.Build.0 = Debug|Any CPU
		{8CADDC0A-51CD-4E7D-8FBA-8AC66BCFF1D2}.Release|Any CPU.ActiveCfg = Release|Any CPU
		{8CADDC0A-51CD-4E7D-8FBA-8AC66BCFF1D2}.Release|Any CPU.Build.0 = Release|Any CPU
	EndGlobalSection
	GlobalSection(SolutionProperties) = preSolution
		HideSolutionNode = FALSE
	EndGlobalSection
	GlobalSection(NestedProjects) = preSolution
		{EB526246-5225-4B2C-AE61-358D6377AF85} = {C869FAC9-D95E-4293-8953-02D779F37B53}
		{1B1A2701-6552-4610-8A33-BE5583A00307} = {C869FAC9-D95E-4293-8953-02D779F37B53}
		{2CCCF0D2-F2B1-422C-ADDF-E785A3503C49} = {BE02F8FE-7929-4837-99A6-1BCA86A4BA76}
		{27212911-D543-4E5C-B5D7-274EAEB9F9A1} = {7712C5C3-EF2F-447C-8AA5-0F59A3F40C4F}
		{E2227FD0-24D2-42EF-801E-F70D2D3CFCE4} = {7712C5C3-EF2F-447C-8AA5-0F59A3F40C4F}
		{2CEF0815-A239-4A1C-BC0A-A67CE51932E9} = {EFDDD555-4FBF-4B0D-94BE-0A930695AD7B}
		{1A556919-15CA-41D5-91F3-D00D3661EC33} = {EFDDD555-4FBF-4B0D-94BE-0A930695AD7B}
		{ECE34E6C-8367-4C81-B5F8-7CD9390DA530} = {EFDDD555-4FBF-4B0D-94BE-0A930695AD7B}
		{04A49CB1-6D95-44E0-B11F-A13BA5574F17} = {673FBFC8-9865-43E5-853B-089B0420A945}
		{4D33E9F2-52A3-420D-B8FD-9D13118B7DC8} = {673FBFC8-9865-43E5-853B-089B0420A945}
		{1AC44105-0211-4970-9AC3-ECEE4DF01C00} = {673FBFC8-9865-43E5-853B-089B0420A945}
		{DF1FBA34-B53F-40E1-B873-142ACFA56C95} = {673FBFC8-9865-43E5-853B-089B0420A945}
		{9ECE1A60-72B2-4DE4-B916-8FC771BC634D} = {BA765941-F393-49BC-850F-73FF0575D8D7}
		{7912CC4F-14D6-44E8-B8FD-632200A17A6B} = {BA765941-F393-49BC-850F-73FF0575D8D7}
		{BE5C612B-1C8E-461F-BC81-2E06936F312F} = {BA765941-F393-49BC-850F-73FF0575D8D7}
		{E6043E8E-3494-4876-831D-FEC7C927D1C0} = {5B62D881-87D7-4FB4-961F-EC1092A4E908}
		{4224C3C0-AFB0-4770-ABCE-18CDC49D2866} = {5B62D881-87D7-4FB4-961F-EC1092A4E908}
		{A1972465-A486-4022-BAAD-D2D5D9B0FB42} = {5B62D881-87D7-4FB4-961F-EC1092A4E908}
		{541F33D4-DA2A-4820-8F31-0F43EA709BCB} = {9E8A6DEE-136F-4645-9E39-4C8F905E323D}
		{98E22005-E526-4A39-8EED-24FB2FC989CA} = {9E8A6DEE-136F-4645-9E39-4C8F905E323D}
		{8CADDC0A-51CD-4E7D-8FBA-8AC66BCFF1D2} = {10799E75-4B19-40B9-B30A-B415E4B548AC}
	EndGlobalSection
	GlobalSection(ExtensibilityGlobals) = postSolution
		SolutionGuid = {75F753A9-5C9F-4C3C-AF6B-F9890869BEA2}
	EndGlobalSection
EndGlobal
